{
  "name": "emit-event-from-cpp-example",
  "version": "0.0.0",
  "lockfileVersion": 1,
  "requires": true,
  "dependencies": {
    "bindings": {
      "version": "1.3.1",
      "resolved": "https://registry.npmjs.org/bindings/-/bindings-1.3.1.tgz",
      "integrity": "sha512-i47mqjF9UbjxJhxGf+pZ6kSxrnI3wBLlnGI2ArWJ4r0VrvDS7ZYXkprq/pLaBWYq4GM0r4zdHY+NNRqEMU7uew=="
    },
    "emit-stream": {
      "version": "0.1.2",
      "resolved": "https://registry.npmjs.org/emit-stream/-/emit-stream-0.1.2.tgz",
      "integrity": "sha1-DiBVCKDQ1tM0YHhC98R2nb+/Fug=",
      "requires": {
        "through": "~2.3.4"
      }
    },
    "nan": {
      "version": "2.11.1",
      "resolved": "https://registry.npmjs.org/nan/-/nan-2.11.1.tgz",
      "integrity": "sha512-iji6k87OSXa0CcrLl9z+ZiYSuR2o+c0bGuNmXdrhTQTakxytAFsC56SArGYoiHlJlFoHSnvmhpceZJaXkVuOtA=="
    },
    "node-addon-api": {
      "version": "1.6.2",
      "resolved": "https://registry.npmjs.org/node-addon-api/-/node-addon-api-1.6.2.tgz",
      "integrity": "sha512-479Bjw9nTE5DdBSZZWprFryHGjUaQC31y1wHo19We/k0BZlrmhqQitWoUL0cD8+scljCbIUL+E58oRDEakdGGA=="
    },
    "streaming-worker": {
      "version": "1.0.1",
      "resolved": "https://registry.npmjs.org/streaming-worker/-/streaming-worker-1.0.1.tgz",
      "integrity": "sha1-To/+n399gpz+qBXx0SMq3x8jzGE=",
      "requires": {
        "emit-stream": "^0.1.2",
        "through": "^2.3.8"
      }
    },
    "streaming-worker-sdk": {
      "version": "0.9.3",
      "resolved": "https://registry.npmjs.org/streaming-worker-sdk/-/streaming-worker-sdk-0.9.3.tgz",
      "integrity": "sha1-Spul4ud1//evOMfD/plFhtNnTCc=",
      "requires": {
        "nan": "*"
      }
    },
    "through": {
      "version": "2.3.8",
      "resolved": "http://registry.npmjs.org/through/-/through-2.3.8.tgz",
      "integrity": "sha1-DdTJ/6q8NXlgsbckEV1+Doai4fU="
    }
  }
}
